
Microsoft Visual Studio Solution File, Format Version 12.00
# Visual Studio Version 16
VisualStudioVersion = 16.0.30717.126
MinimumVisualStudioVersion = 10.0.40219.1
Project("{FAE04EC0-301F-11D3-BF4B-00C04F79EFBC}") = "Warframe.Market Trader Control Center", "Warframe.Market Trader\Warframe.Market Trader Control Center.csproj", "{3C72C59C-A5DB-41B4-8AA6-950EE2D58065}"
EndProject
Project("{FAE04EC0-301F-11D3-BF4B-00C04F79EFBC}") = "Warframe.Market Trader Bot", "Warframe.Market Trader Bot\Warframe.Market Trader Bot.csproj", "{8959B7C9-8B53-4E81-8BED-57C934E98C98}"
EndProject
Project("{FAE04EC0-301F-11D3-BF4B-00C04F79EFBC}") = "Warframe.Marker Infrastructure", "Warframe.Marker Data\Warframe.Marker Infrastructure.csproj", "{530B5829-2A47-44F6-AEC8-0CFD46B3DBFE}"
EndProject
Project("{FAE04EC0-301F-11D3-BF4B-00C04F79EFBC}") = "Warframe.Market DomainServices", "Warframe.Market DomainServices\Warframe.Market DomainServices.csproj", "{BBC063CA-F109-426F-B409-9FFEA1AC53C8}"
EndProject
Project("{FAE04EC0-301F-11D3-BF4B-00C04F79EFBC}") = "Warframe.Market Api Unit Tests", "Warframe.Market Trader Bot Unit Tests\Warframe.Market Api Unit Tests.csproj", "{2CF4DE3B-C7FB-4EBE-9EA5-D209C36ED244}"
EndProject
Project("{FAE04EC0-301F-11D3-BF4B-00C04F79EFBC}") = "Warframe.Market Api", "Warframe.Market Api\Warframe.Market Api.csproj", "{16782002-7816-4000-9AD8-DD8739C265CE}"
EndProject
Global
	GlobalSection(SolutionConfigurationPlatforms) = preSolution
		Debug|Any CPU = Debug|Any CPU
		Release|Any CPU = Release|Any CPU
	EndGlobalSection
	GlobalSection(ProjectConfigurationPlatforms) = postSolution
		{3C72C59C-A5DB-41B4-8AA6-950EE2D58065}.Debug|Any CPU.ActiveCfg = Debug|Any CPU
		{3C72C59C-A5DB-41B4-8AA6-950EE2D58065}.Debug|Any CPU.Build.0 = Debug|Any CPU
		{3C72C59C-A5DB-41B4-8AA6-950EE2D58065}.Release|Any CPU.ActiveCfg = Release|Any CPU
		{3C72C59C-A5DB-41B4-8AA6-950EE2D58065}.Release|Any CPU.Build.0 = Release|Any CPU
		{8959B7C9-8B53-4E81-8BED-57C934E98C98}.Debug|Any CPU.ActiveCfg = Debug|Any CPU
		{8959B7C9-8B53-4E81-8BED-57C934E98C98}.Debug|Any CPU.Build.0 = Debug|Any CPU
		{8959B7C9-8B53-4E81-8BED-57C934E98C98}.Release|Any CPU.ActiveCfg = Release|Any CPU
		{8959B7C9-8B53-4E81-8BED-57C934E98C98}.Release|Any CPU.Build.0 = Release|Any CPU
		{530B5829-2A47-44F6-AEC8-0CFD46B3DBFE}.Debug|Any CPU.ActiveCfg = Debug|Any CPU
		{530B5829-2A47-44F6-AEC8-0CFD46B3DBFE}.Debug|Any CPU.Build.0 = Debug|Any CPU
		{530B5829-2A47-44F6-AEC8-0CFD46B3DBFE}.Release|Any CPU.ActiveCfg = Release|Any CPU
		{530B5829-2A47-44F6-AEC8-0CFD46B3DBFE}.Release|Any CPU.Build.0 = Release|Any CPU
		{BBC063CA-F109-426F-B409-9FFEA1AC53C8}.Debug|Any CPU.ActiveCfg = Debug|Any CPU
		{BBC063CA-F109-426F-B409-9FFEA1AC53C8}.Debug|Any CPU.Build.0 = Debug|Any CPU
		{BBC063CA-F109-426F-B409-9FFEA1AC53C8}.Release|Any CPU.ActiveCfg = Release|Any CPU
		{BBC063CA-F109-426F-B409-9FFEA1AC53C8}.Release|Any CPU.Build.0 = Release|Any CPU
		{2CF4DE3B-C7FB-4EBE-9EA5-D209C36ED244}.Debug|Any CPU.ActiveCfg = Debug|Any CPU
		{2CF4DE3B-C7FB-4EBE-9EA5-D209C36ED244}.Debug|Any CPU.Build.0 = Debug|Any CPU
		{2CF4DE3B-C7FB-4EBE-9EA5-D209C36ED244}.Release|Any CPU.ActiveCfg = Release|Any CPU
		{2CF4DE3B-C7FB-4EBE-9EA5-D209C36ED244}.Release|Any CPU.Build.0 = Release|Any CPU
		{16782002-7816-4000-9AD8-DD8739C265CE}.Debug|Any CPU.ActiveCfg = Debug|Any CPU
		{16782002-7816-4000-9AD8-DD8739C265CE}.Debug|Any CPU.Build.0 = Debug|Any CPU
		{16782002-7816-4000-9AD8-DD8739C265CE}.Release|Any CPU.ActiveCfg = Release|Any CPU
		{16782002-7816-4000-9AD8-DD8739C265CE}.Release|Any CPU.Build.0 = Release|Any CPU
	EndGlobalSection
	GlobalSection(SolutionProperties) = preSolution
		HideSolutionNode = FALSE
	EndGlobalSection
	GlobalSection(ExtensibilityGlobals) = postSolution
		SolutionGuid = {3E6ECE83-2018-4354-AB5C-4DC067F44496}
	EndGlobalSection
EndGlobal
